// !$*UTF8*$!
{
	archiveVersion = 1;
	classes = {
	};
	objectVersion = 46;
	objects = {

/* Begin PBXBuildFile section */
		743B033F1EC45BB300358042 /* AppDelegate.swift in Sources */ = {isa = PBXBuildFile; fileRef = 743B033E1EC45BB300358042 /* AppDelegate.swift */; };
		743B03411EC45BB300358042 /* StartMenuViewController.swift in Sources */ = {isa = PBXBuildFile; fileRef = 743B03401EC45BB300358042 /* StartMenuViewController.swift */; };
		743B03441EC45BB300358042 /* Main.storyboard in Resources */ = {isa = PBXBuildFile; fileRef = 743B03421EC45BB300358042 /* Main.storyboard */; };
		743B03471EC45BB300358042 /* FitLift.xcdatamodeld in Sources */ = {isa = PBXBuildFile; fileRef = 743B03451EC45BB300358042 /* FitLift.xcdatamodeld */; };
		743B034C1EC45BB300358042 /* LaunchScreen.storyboard in Resources */ = {isa = PBXBuildFile; fileRef = 743B034A1EC45BB300358042 /* LaunchScreen.storyboard */; };
		743B03571EC45BB300358042 /* FitLiftTests.swift in Sources */ = {isa = PBXBuildFile; fileRef = 743B03561EC45BB300358042 /* FitLiftTests.swift */; };
		743B03621EC45BB300358042 /* FitLiftUITests.swift in Sources */ = {isa = PBXBuildFile; fileRef = 743B03611EC45BB300358042 /* FitLiftUITests.swift */; };
		743B03751EC45D0A00358042 /* DemoCollectionViewCell.swift in Sources */ = {isa = PBXBuildFile; fileRef = 743B03721EC45D0A00358042 /* DemoCollectionViewCell.swift */; };
		743B03761EC45D0A00358042 /* DemoCollectionViewCell.xib in Resources */ = {isa = PBXBuildFile; fileRef = 743B03731EC45D0A00358042 /* DemoCollectionViewCell.xib */; };
		743B03771EC45D0A00358042 /* WorkoutsViewController.swift in Sources */ = {isa = PBXBuildFile; fileRef = 743B03741EC45D0A00358042 /* WorkoutsViewController.swift */; };
		743B037A1EC45D1300358042 /* WorkoutsTableViewController.swift in Sources */ = {isa = PBXBuildFile; fileRef = 743B03791EC45D1300358042 /* WorkoutsTableViewController.swift */; };
		743B03871EC45D3400358042 /* Images.swift in Sources */ = {isa = PBXBuildFile; fileRef = 743B037C1EC45D3400358042 /* Images.swift */; };
		743B03881EC45D3400358042 /* CollectionViewHelper.swift in Sources */ = {isa = PBXBuildFile; fileRef = 743B037F1EC45D3400358042 /* CollectionViewHelper.swift */; };
		743B03891EC45D3400358042 /* StoryboardHelper.swift in Sources */ = {isa = PBXBuildFile; fileRef = 743B03811EC45D3400358042 /* StoryboardHelper.swift */; };
		743B038A1EC45D3400358042 /* AnimationBarButton.swift in Sources */ = {isa = PBXBuildFile; fileRef = 743B03841EC45D3400358042 /* AnimationBarButton.swift */; };
		743B038B1EC45D3400358042 /* Rotatable.swift in Sources */ = {isa = PBXBuildFile; fileRef = 743B03861EC45D3400358042 /* Rotatable.swift */; };
		743B03A51EC45D4A00358042 /* ExpandingTableViewController.swift in Sources */ = {isa = PBXBuildFile; fileRef = 743B038E1EC45D4A00358042 /* ExpandingTableViewController.swift */; };
		743B03A61EC45D4A00358042 /* BasePageCollectionCell.swift in Sources */ = {isa = PBXBuildFile; fileRef = 743B03921EC45D4A00358042 /* BasePageCollectionCell.swift */; };
		743B03A71EC45D4A00358042 /* PageCollectionLayout.swift in Sources */ = {isa = PBXBuildFile; fileRef = 743B03941EC45D4A00358042 /* PageCollectionLayout.swift */; };
		743B03A81EC45D4A00358042 /* PageCollectionView.swift in Sources */ = {isa = PBXBuildFile; fileRef = 743B03951EC45D4A00358042 /* PageCollectionView.swift */; };
		743B03A91EC45D4A00358042 /* ExpandingViewController.swift in Sources */ = {isa = PBXBuildFile; fileRef = 743B03961EC45D4A00358042 /* ExpandingViewController.swift */; };
		743B03AA1EC45D4A00358042 /* CornerAnimatable.swift in Sources */ = {isa = PBXBuildFile; fileRef = 743B039A1EC45D4A00358042 /* CornerAnimatable.swift */; };
		743B03AB1EC45D4A00358042 /* ConfigurationHelper.swift in Sources */ = {isa = PBXBuildFile; fileRef = 743B039C1EC45D4A00358042 /* ConfigurationHelper.swift */; };
		743B03AC1EC45D4A00358042 /* ConstraintsHelper.swift in Sources */ = {isa = PBXBuildFile; fileRef = 743B039E1EC45D4A00358042 /* ConstraintsHelper.swift */; };
		743B03AD1EC45D4A00358042 /* ScreenShotHelper.swift in Sources */ = {isa = PBXBuildFile; fileRef = 743B03A01EC45D4A00358042 /* ScreenShotHelper.swift */; };
		743B03AE1EC45D4A00358042 /* SubviewsForEach.swift in Sources */ = {isa = PBXBuildFile; fileRef = 743B03A21EC45D4A00358042 /* SubviewsForEach.swift */; };
		743B03AF1EC45D4A00358042 /* TransitionDriver.swift in Sources */ = {isa = PBXBuildFile; fileRef = 743B03A41EC45D4A00358042 /* TransitionDriver.swift */; };
		743B03B11EC45D8500358042 /* Demo.storyboard in Resources */ = {isa = PBXBuildFile; fileRef = 743B03B01EC45D8500358042 /* Demo.storyboard */; };
		743B03B31EC45DB100358042 /* Assets.xcassets in Resources */ = {isa = PBXBuildFile; fileRef = 743B03B21EC45DB100358042 /* Assets.xcassets */; };
		749E6DDC1F04E260000A6F8A /* UIColor.swift in Sources */ = {isa = PBXBuildFile; fileRef = 749E6DD91F04E260000A6F8A /* UIColor.swift */; };
		749E6DDD1F04E260000A6F8A /* UIImage.swift in Sources */ = {isa = PBXBuildFile; fileRef = 749E6DDA1F04E260000A6F8A /* UIImage.swift */; };
		749E6DDE1F04E260000A6F8A /* ZAlertView.swift in Sources */ = {isa = PBXBuildFile; fileRef = 749E6DDB1F04E260000A6F8A /* ZAlertView.swift */; };
		749E6DE01F0612AE000A6F8A /* DOAlertController.swift in Sources */ = {isa = PBXBuildFile; fileRef = 749E6DDF1F0612AE000A6F8A /* DOAlertController.swift */; };
		749E6DE21F0F9557000A6F8A /* LoadingOverlay.swift in Sources */ = {isa = PBXBuildFile; fileRef = 749E6DE11F0F9557000A6F8A /* LoadingOverlay.swift */; };
		74CD38C91ED207CB007A7D93 /* WeightTextField.swift in Sources */ = {isa = PBXBuildFile; fileRef = 74CD38C81ED207CB007A7D93 /* WeightTextField.swift */; };
		74D06D0F1EC7D05D000CEDE1 /* Constants.swift in Sources */ = {isa = PBXBuildFile; fileRef = 74D06D0E1EC7D05D000CEDE1 /* Constants.swift */; };
		74D0D95E1EC992760016A80F /* WorkoutTableViewCell.swift in Sources */ = {isa = PBXBuildFile; fileRef = 74D0D95D1EC992760016A80F /* WorkoutTableViewCell.swift */; };
		74D0D9601EC9A1CC0016A80F /* BubbleRepCounter.swift in Sources */ = {isa = PBXBuildFile; fileRef = 74D0D95F1EC9A1CC0016A80F /* BubbleRepCounter.swift */; };
/* End PBXBuildFile section */

/* Begin PBXContainerItemProxy section */
		743B03531EC45BB300358042 /* PBXContainerItemProxy */ = {
			isa = PBXContainerItemProxy;
			containerPortal = 743B03331EC45BB200358042 /* Project object */;
			proxyType = 1;
			remoteGlobalIDString = 743B033A1EC45BB300358042;
			remoteInfo = FitLift;
		};
		743B035E1EC45BB300358042 /* PBXContainerItemProxy */ = {
			isa = PBXContainerItemProxy;
			containerPortal = 743B03331EC45BB200358042 /* Project object */;
			proxyType = 1;
			remoteGlobalIDString = 743B033A1EC45BB300358042;
			remoteInfo = FitLift;
		};
/* End PBXContainerItemProxy section */

/* Begin PBXFileReference section */
		743B033B1EC45BB300358042 /* FitLift.app */ = {isa = PBXFileReference; explicitFileType = wrapper.application; includeInIndex = 0; path = FitLift.app; sourceTree = BUILT_PRODUCTS_DIR; };
		743B033E1EC45BB300358042 /* AppDelegate.swift */ = {isa = PBXFileReference; lastKnownFileType = sourcecode.swift; path = AppDelegate.swift; sourceTree = "<group>"; };
		743B03401EC45BB300358042 /* StartMenuViewController.swift */ = {isa = PBXFileReference; lastKnownFileType = sourcecode.swift; path = StartMenuViewController.swift; sourceTree = "<group>"; };
		743B03431EC45BB300358042 /* Base */ = {isa = PBXFileReference; lastKnownFileType = file.storyboard; name = Base; path = Base.lproj/Main.storyboard; sourceTree = "<group>"; };
		743B03461EC45BB300358042 /* FitLift.xcdatamodel */ = {isa = PBXFileReference; lastKnownFileType = wrapper.xcdatamodel; path = FitLift.xcdatamodel; sourceTree = "<group>"; };
		743B034B1EC45BB300358042 /* Base */ = {isa = PBXFileReference; lastKnownFileType = file.storyboard; name = Base; path = Base.lproj/LaunchScreen.storyboard; sourceTree = "<group>"; };
		743B034D1EC45BB300358042 /* Info.plist */ = {isa = PBXFileReference; lastKnownFileType = text.plist.xml; path = Info.plist; sourceTree = "<group>"; };
		743B03521EC45BB300358042 /* FitLiftTests.xctest */ = {isa = PBXFileReference; explicitFileType = wrapper.cfbundle; includeInIndex = 0; path = FitLiftTests.xctest; sourceTree = BUILT_PRODUCTS_DIR; };
		743B03561EC45BB300358042 /* FitLiftTests.swift */ = {isa = PBXFileReference; lastKnownFileType = sourcecode.swift; path = FitLiftTests.swift; sourceTree = "<group>"; };
		743B03581EC45BB300358042 /* Info.plist */ = {isa = PBXFileReference; lastKnownFileType = text.plist.xml; path = Info.plist; sourceTree = "<group>"; };
		743B035D1EC45BB300358042 /* FitLiftUITests.xctest */ = {isa = PBXFileReference; explicitFileType = wrapper.cfbundle; includeInIndex = 0; path = FitLiftUITests.xctest; sourceTree = BUILT_PRODUCTS_DIR; };
		743B03611EC45BB300358042 /* FitLiftUITests.swift */ = {isa = PBXFileReference; lastKnownFileType = sourcecode.swift; path = FitLiftUITests.swift; sourceTree = "<group>"; };
		743B03631EC45BB300358042 /* Info.plist */ = {isa = PBXFileReference; lastKnownFileType = text.plist.xml; path = Info.plist; sourceTree = "<group>"; };
		743B03721EC45D0A00358042 /* DemoCollectionViewCell.swift */ = {isa = PBXFileReference; fileEncoding = 4; lastKnownFileType = sourcecode.swift; path = DemoCollectionViewCell.swift; sourceTree = "<group>"; };
		743B03731EC45D0A00358042 /* DemoCollectionViewCell.xib */ = {isa = PBXFileReference; fileEncoding = 4; lastKnownFileType = file.xib; path = DemoCollectionViewCell.xib; sourceTree = "<group>"; };
		743B03741EC45D0A00358042 /* WorkoutsViewController.swift */ = {isa = PBXFileReference; fileEncoding = 4; lastKnownFileType = sourcecode.swift; path = WorkoutsViewController.swift; sourceTree = "<group>"; };
		743B03791EC45D1300358042 /* WorkoutsTableViewController.swift */ = {isa = PBXFileReference; fileEncoding = 4; lastKnownFileType = sourcecode.swift; path = WorkoutsTableViewController.swift; sourceTree = "<group>"; xcLanguageSpecificationIdentifier = xcode.lang.swift; };
		743B037C1EC45D3400358042 /* Images.swift */ = {isa = PBXFileReference; fileEncoding = 4; lastKnownFileType = sourcecode.swift; path = Images.swift; sourceTree = "<group>"; };
		743B037F1EC45D3400358042 /* CollectionViewHelper.swift */ = {isa = PBXFileReference; fileEncoding = 4; lastKnownFileType = sourcecode.swift; path = CollectionViewHelper.swift; sourceTree = "<group>"; };
		743B03811EC45D3400358042 /* StoryboardHelper.swift */ = {isa = PBXFileReference; fileEncoding = 4; lastKnownFileType = sourcecode.swift; path = StoryboardHelper.swift; sourceTree = "<group>"; };
		743B03841EC45D3400358042 /* AnimationBarButton.swift */ = {isa = PBXFileReference; fileEncoding = 4; lastKnownFileType = sourcecode.swift; path = AnimationBarButton.swift; sourceTree = "<group>"; };
		743B03861EC45D3400358042 /* Rotatable.swift */ = {isa = PBXFileReference; fileEncoding = 4; lastKnownFileType = sourcecode.swift; path = Rotatable.swift; sourceTree = "<group>"; };
		743B038E1EC45D4A00358042 /* ExpandingTableViewController.swift */ = {isa = PBXFileReference; fileEncoding = 4; lastKnownFileType = sourcecode.swift; path = ExpandingTableViewController.swift; sourceTree = "<group>"; };
		743B03921EC45D4A00358042 /* BasePageCollectionCell.swift */ = {isa = PBXFileReference; fileEncoding = 4; lastKnownFileType = sourcecode.swift; path = BasePageCollectionCell.swift; sourceTree = "<group>"; };
		743B03941EC45D4A00358042 /* PageCollectionLayout.swift */ = {isa = PBXFileReference; fileEncoding = 4; lastKnownFileType = sourcecode.swift; path = PageCollectionLayout.swift; sourceTree = "<group>"; };
		743B03951EC45D4A00358042 /* PageCollectionView.swift */ = {isa = PBXFileReference; fileEncoding = 4; lastKnownFileType = sourcecode.swift; path = PageCollectionView.swift; sourceTree = "<group>"; };
		743B03961EC45D4A00358042 /* ExpandingViewController.swift */ = {isa = PBXFileReference; fileEncoding = 4; lastKnownFileType = sourcecode.swift; path = ExpandingViewController.swift; sourceTree = "<group>"; };
		743B039A1EC45D4A00358042 /* CornerAnimatable.swift */ = {isa = PBXFileReference; fileEncoding = 4; lastKnownFileType = sourcecode.swift; path = CornerAnimatable.swift; sourceTree = "<group>"; };
		743B039C1EC45D4A00358042 /* ConfigurationHelper.swift */ = {isa = PBXFileReference; fileEncoding = 4; lastKnownFileType = sourcecode.swift; path = ConfigurationHelper.swift; sourceTree = "<group>"; };
		743B039E1EC45D4A00358042 /* ConstraintsHelper.swift */ = {isa = PBXFileReference; fileEncoding = 4; lastKnownFileType = sourcecode.swift; path = ConstraintsHelper.swift; sourceTree = "<group>"; };
		743B03A01EC45D4A00358042 /* ScreenShotHelper.swift */ = {isa = PBXFileReference; fileEncoding = 4; lastKnownFileType = sourcecode.swift; path = ScreenShotHelper.swift; sourceTree = "<group>"; };
		743B03A21EC45D4A00358042 /* SubviewsForEach.swift */ = {isa = PBXFileReference; fileEncoding = 4; lastKnownFileType = sourcecode.swift; path = SubviewsForEach.swift; sourceTree = "<group>"; };
		743B03A41EC45D4A00358042 /* TransitionDriver.swift */ = {isa = PBXFileReference; fileEncoding = 4; lastKnownFileType = sourcecode.swift; path = TransitionDriver.swift; sourceTree = "<group>"; };
		743B03B01EC45D8500358042 /* Demo.storyboard */ = {isa = PBXFileReference; fileEncoding = 4; lastKnownFileType = file.storyboard; path = Demo.storyboard; sourceTree = "<group>"; };
		743B03B21EC45DB100358042 /* Assets.xcassets */ = {isa = PBXFileReference; lastKnownFileType = folder.assetcatalog; path = Assets.xcassets; sourceTree = "<group>"; };
		749E6DD91F04E260000A6F8A /* UIColor.swift */ = {isa = PBXFileReference; fileEncoding = 4; lastKnownFileType = sourcecode.swift; path = UIColor.swift; sourceTree = "<group>"; };
		749E6DDA1F04E260000A6F8A /* UIImage.swift */ = {isa = PBXFileReference; fileEncoding = 4; lastKnownFileType = sourcecode.swift; path = UIImage.swift; sourceTree = "<group>"; };
		749E6DDB1F04E260000A6F8A /* ZAlertView.swift */ = {isa = PBXFileReference; fileEncoding = 4; lastKnownFileType = sourcecode.swift; path = ZAlertView.swift; sourceTree = "<group>"; };
		749E6DDF1F0612AE000A6F8A /* DOAlertController.swift */ = {isa = PBXFileReference; fileEncoding = 4; lastKnownFileType = sourcecode.swift; path = DOAlertController.swift; sourceTree = "<group>"; };
		749E6DE11F0F9557000A6F8A /* LoadingOverlay.swift */ = {isa = PBXFileReference; fileEncoding = 4; lastKnownFileType = sourcecode.swift; name = LoadingOverlay.swift; path = FitLift/LoadingOverlay.swift; sourceTree = SOURCE_ROOT; };
		74CD38C81ED207CB007A7D93 /* WeightTextField.swift */ = {isa = PBXFileReference; fileEncoding = 4; lastKnownFileType = sourcecode.swift; path = WeightTextField.swift; sourceTree = "<group>"; };
		74D06D0E1EC7D05D000CEDE1 /* Constants.swift */ = {isa = PBXFileReference; fileEncoding = 4; lastKnownFileType = sourcecode.swift; path = Constants.swift; sourceTree = "<group>"; };
		74D0D95D1EC992760016A80F /* WorkoutTableViewCell.swift */ = {isa = PBXFileReference; fileEncoding = 4; lastKnownFileType = sourcecode.swift; path = WorkoutTableViewCell.swift; sourceTree = "<group>"; };
		74D0D95F1EC9A1CC0016A80F /* BubbleRepCounter.swift */ = {isa = PBXFileReference; fileEncoding = 4; lastKnownFileType = sourcecode.swift; path = BubbleRepCounter.swift; sourceTree = "<group>"; };
/* End PBXFileReference section */

/* Begin PBXFrameworksBuildPhase section */
		743B03381EC45BB300358042 /* Frameworks */ = {
			isa = PBXFrameworksBuildPhase;
			buildActionMask = 2147483647;
			files = (
			);
			runOnlyForDeploymentPostprocessing = 0;
		};
		743B034F1EC45BB300358042 /* Frameworks */ = {
			isa = PBXFrameworksBuildPhase;
			buildActionMask = 2147483647;
			files = (
			);
			runOnlyForDeploymentPostprocessing = 0;
		};
		743B035A1EC45BB300358042 /* Frameworks */ = {
			isa = PBXFrameworksBuildPhase;
			buildActionMask = 2147483647;
			files = (
			);
			runOnlyForDeploymentPostprocessing = 0;
		};
/* End PBXFrameworksBuildPhase section */

/* Begin PBXGroup section */
		743B03321EC45BB200358042 = {
			isa = PBXGroup;
			children = (
				743B033D1EC45BB300358042 /* FitLift */,
				743B03701EC45D0A00358042 /* ExpandingView */,
				743B03551EC45BB300358042 /* FitLiftTests */,
				743B03601EC45BB300358042 /* FitLiftUITests */,
				743B033C1EC45BB300358042 /* Products */,
			);
			sourceTree = "<group>";
		};
		743B033C1EC45BB300358042 /* Products */ = {
			isa = PBXGroup;
			children = (
				743B033B1EC45BB300358042 /* FitLift.app */,
				743B03521EC45BB300358042 /* FitLiftTests.xctest */,
				743B035D1EC45BB300358042 /* FitLiftUITests.xctest */,
			);
			name = Products;
			sourceTree = "<group>";
		};
		743B033D1EC45BB300358042 /* FitLift */ = {
			isa = PBXGroup;
			children = (
				74D06D0E1EC7D05D000CEDE1 /* Constants.swift */,
				743B033E1EC45BB300358042 /* AppDelegate.swift */,
				749E6DD81F04E24F000A6F8A /* ZAlert */,
				743B036F1EC45C1800358042 /* Controllers */,
				743B03421EC45BB300358042 /* Main.storyboard */,
				74D0D9611EC9A1D00016A80F /* Controls */,
				749E6DE11F0F9557000A6F8A /* LoadingOverlay.swift */,
				743B034A1EC45BB300358042 /* LaunchScreen.storyboard */,
				743B03B21EC45DB100358042 /* Assets.xcassets */,
				743B034D1EC45BB300358042 /* Info.plist */,
				743B03451EC45BB300358042 /* FitLift.xcdatamodeld */,
			);
			path = FitLift;
			sourceTree = "<group>";
		};
		743B03551EC45BB300358042 /* FitLiftTests */ = {
			isa = PBXGroup;
			children = (
				743B03561EC45BB300358042 /* FitLiftTests.swift */,
				743B03581EC45BB300358042 /* Info.plist */,
			);
			path = FitLiftTests;
			sourceTree = "<group>";
		};
		743B03601EC45BB300358042 /* FitLiftUITests */ = {
			isa = PBXGroup;
			children = (
				743B03611EC45BB300358042 /* FitLiftUITests.swift */,
				743B03631EC45BB300358042 /* Info.plist */,
			);
			path = FitLiftUITests;
			sourceTree = "<group>";
		};
		743B036F1EC45C1800358042 /* Controllers */ = {
			isa = PBXGroup;
			children = (
				749E6DDF1F0612AE000A6F8A /* DOAlertController.swift */,
				743B03401EC45BB300358042 /* StartMenuViewController.swift */,
			);
			name = Controllers;
			sourceTree = "<group>";
		};
		743B03701EC45D0A00358042 /* ExpandingView */ = {
			isa = PBXGroup;
			children = (
				743B03B01EC45D8500358042 /* Demo.storyboard */,
				743B038C1EC45D4A00358042 /* Source */,
				743B037B1EC45D3400358042 /* Constants */,
				743B037D1EC45D3400358042 /* Helpers */,
				743B03821EC45D3400358042 /* Views */,
				743B03781EC45D1300358042 /* DemoTableViewController */,
				743B03711EC45D0A00358042 /* Cells */,
				743B03741EC45D0A00358042 /* WorkoutsViewController.swift */,
			);
			name = ExpandingView;
			path = DemoViewController;
			sourceTree = "<group>";
		};
		743B03711EC45D0A00358042 /* Cells */ = {
			isa = PBXGroup;
			children = (
				743B03721EC45D0A00358042 /* DemoCollectionViewCell.swift */,
				743B03731EC45D0A00358042 /* DemoCollectionViewCell.xib */,
				74D0D95D1EC992760016A80F /* WorkoutTableViewCell.swift */,
			);
			path = Cells;
			sourceTree = "<group>";
		};
		743B03781EC45D1300358042 /* DemoTableViewController */ = {
			isa = PBXGroup;
			children = (
				743B03791EC45D1300358042 /* WorkoutsTableViewController.swift */,
			);
			path = DemoTableViewController;
			sourceTree = "<group>";
		};
		743B037B1EC45D3400358042 /* Constants */ = {
			isa = PBXGroup;
			children = (
				743B037C1EC45D3400358042 /* Images.swift */,
			);
			path = Constants;
			sourceTree = "<group>";
		};
		743B037D1EC45D3400358042 /* Helpers */ = {
			isa = PBXGroup;
			children = (
				743B037E1EC45D3400358042 /* CollectionViewHelper */,
				743B03801EC45D3400358042 /* StoryboardHelper */,
			);
			path = Helpers;
			sourceTree = "<group>";
		};
		743B037E1EC45D3400358042 /* CollectionViewHelper */ = {
			isa = PBXGroup;
			children = (
				743B037F1EC45D3400358042 /* CollectionViewHelper.swift */,
			);
			path = CollectionViewHelper;
			sourceTree = "<group>";
		};
		743B03801EC45D3400358042 /* StoryboardHelper */ = {
			isa = PBXGroup;
			children = (
				743B03811EC45D3400358042 /* StoryboardHelper.swift */,
			);
			path = StoryboardHelper;
			sourceTree = "<group>";
		};
		743B03821EC45D3400358042 /* Views */ = {
			isa = PBXGroup;
			children = (
				743B03831EC45D3400358042 /* AnimatingBarButton */,
			);
			path = Views;
			sourceTree = "<group>";
		};
		743B03831EC45D3400358042 /* AnimatingBarButton */ = {
			isa = PBXGroup;
			children = (
				743B03841EC45D3400358042 /* AnimationBarButton.swift */,
				743B03851EC45D3400358042 /* Animations */,
			);
			path = AnimatingBarButton;
			sourceTree = "<group>";
		};
		743B03851EC45D3400358042 /* Animations */ = {
			isa = PBXGroup;
			children = (
				743B03861EC45D3400358042 /* Rotatable.swift */,
			);
			path = Animations;
			sourceTree = "<group>";
		};
		743B038C1EC45D4A00358042 /* Source */ = {
			isa = PBXGroup;
			children = (
				743B038D1EC45D4A00358042 /* ExpandingTableViewController */,
				743B038F1EC45D4A00358042 /* ExpandingViewController */,
				743B03971EC45D4A00358042 /* Helpers */,
				743B03A31EC45D4A00358042 /* TransitionDriver */,
			);
			path = Source;
			sourceTree = "<group>";
		};
		743B038D1EC45D4A00358042 /* ExpandingTableViewController */ = {
			isa = PBXGroup;
			children = (
				743B038E1EC45D4A00358042 /* ExpandingTableViewController.swift */,
			);
			path = ExpandingTableViewController;
			sourceTree = "<group>";
		};
		743B038F1EC45D4A00358042 /* ExpandingViewController */ = {
			isa = PBXGroup;
			children = (
				743B03901EC45D4A00358042 /* CollectionView */,
				743B03961EC45D4A00358042 /* ExpandingViewController.swift */,
			);
			path = ExpandingViewController;
			sourceTree = "<group>";
		};
		743B03901EC45D4A00358042 /* CollectionView */ = {
			isa = PBXGroup;
			children = (
				743B03911EC45D4A00358042 /* Cells */,
				743B03931EC45D4A00358042 /* Layout */,
				743B03951EC45D4A00358042 /* PageCollectionView.swift */,
			);
			path = CollectionView;
			sourceTree = "<group>";
		};
		743B03911EC45D4A00358042 /* Cells */ = {
			isa = PBXGroup;
			children = (
				743B03921EC45D4A00358042 /* BasePageCollectionCell.swift */,
			);
			path = Cells;
			sourceTree = "<group>";
		};
		743B03931EC45D4A00358042 /* Layout */ = {
			isa = PBXGroup;
			children = (
				743B03941EC45D4A00358042 /* PageCollectionLayout.swift */,
			);
			path = Layout;
			sourceTree = "<group>";
		};
		743B03971EC45D4A00358042 /* Helpers */ = {
			isa = PBXGroup;
			children = (
				743B03981EC45D4A00358042 /* Animations */,
				743B039B1EC45D4A00358042 /* ConfigurationHelper */,
				743B039D1EC45D4A00358042 /* Constraints Helpers */,
				743B039F1EC45D4A00358042 /* ScreenShot */,
				743B03A11EC45D4A00358042 /* SubviewsForEach */,
			);
			path = Helpers;
			sourceTree = "<group>";
		};
		743B03981EC45D4A00358042 /* Animations */ = {
			isa = PBXGroup;
			children = (
				743B03991EC45D4A00358042 /* CornerAnimatable */,
			);
			path = Animations;
			sourceTree = "<group>";
		};
		743B03991EC45D4A00358042 /* CornerAnimatable */ = {
			isa = PBXGroup;
			children = (
				743B039A1EC45D4A00358042 /* CornerAnimatable.swift */,
			);
			path = CornerAnimatable;
			sourceTree = "<group>";
		};
		743B039B1EC45D4A00358042 /* ConfigurationHelper */ = {
			isa = PBXGroup;
			children = (
				743B039C1EC45D4A00358042 /* ConfigurationHelper.swift */,
			);
			path = ConfigurationHelper;
			sourceTree = "<group>";
		};
		743B039D1EC45D4A00358042 /* Constraints Helpers */ = {
			isa = PBXGroup;
			children = (
				743B039E1EC45D4A00358042 /* ConstraintsHelper.swift */,
			);
			path = "Constraints Helpers";
			sourceTree = "<group>";
		};
		743B039F1EC45D4A00358042 /* ScreenShot */ = {
			isa = PBXGroup;
			children = (
				743B03A01EC45D4A00358042 /* ScreenShotHelper.swift */,
			);
			path = ScreenShot;
			sourceTree = "<group>";
		};
		743B03A11EC45D4A00358042 /* SubviewsForEach */ = {
			isa = PBXGroup;
			children = (
				743B03A21EC45D4A00358042 /* SubviewsForEach.swift */,
			);
			path = SubviewsForEach;
			sourceTree = "<group>";
		};
		743B03A31EC45D4A00358042 /* TransitionDriver */ = {
			isa = PBXGroup;
			children = (
				743B03A41EC45D4A00358042 /* TransitionDriver.swift */,
			);
			path = TransitionDriver;
			sourceTree = "<group>";
		};
		749E6DD81F04E24F000A6F8A /* ZAlert */ = {
			isa = PBXGroup;
			children = (
				749E6DD91F04E260000A6F8A /* UIColor.swift */,
				749E6DDA1F04E260000A6F8A /* UIImage.swift */,
				749E6DDB1F04E260000A6F8A /* ZAlertView.swift */,
			);
			name = ZAlert;
			sourceTree = "<group>";
		};
		74D0D9611EC9A1D00016A80F /* Controls */ = {
			isa = PBXGroup;
			children = (
				74D0D95F1EC9A1CC0016A80F /* BubbleRepCounter.swift */,
				74CD38C81ED207CB007A7D93 /* WeightTextField.swift */,
			);
			name = Controls;
			sourceTree = "<group>";
		};
/* End PBXGroup section */

/* Begin PBXNativeTarget section */
		743B033A1EC45BB300358042 /* FitLift */ = {
			isa = PBXNativeTarget;
			buildConfigurationList = 743B03661EC45BB300358042 /* Build configuration list for PBXNativeTarget "FitLift" */;
			buildPhases = (
				743B03371EC45BB300358042 /* Sources */,
				743B03381EC45BB300358042 /* Frameworks */,
				743B03391EC45BB300358042 /* Resources */,
			);
			buildRules = (
			);
			dependencies = (
			);
			name = FitLift;
			productName = FitLift;
			productReference = 743B033B1EC45BB300358042 /* FitLift.app */;
			productType = "com.apple.product-type.application";
		};
		743B03511EC45BB300358042 /* FitLiftTests */ = {
			isa = PBXNativeTarget;
			buildConfigurationList = 743B03691EC45BB300358042 /* Build configuration list for PBXNativeTarget "FitLiftTests" */;
			buildPhases = (
				743B034E1EC45BB300358042 /* Sources */,
				743B034F1EC45BB300358042 /* Frameworks */,
				743B03501EC45BB300358042 /* Resources */,
			);
			buildRules = (
			);
			dependencies = (
				743B03541EC45BB300358042 /* PBXTargetDependency */,
			);
			name = FitLiftTests;
			productName = FitLiftTests;
			productReference = 743B03521EC45BB300358042 /* FitLiftTests.xctest */;
			productType = "com.apple.product-type.bundle.unit-test";
		};
		743B035C1EC45BB300358042 /* FitLiftUITests */ = {
			isa = PBXNativeTarget;
			buildConfigurationList = 743B036C1EC45BB300358042 /* Build configuration list for PBXNativeTarget "FitLiftUITests" */;
			buildPhases = (
				743B03591EC45BB300358042 /* Sources */,
				743B035A1EC45BB300358042 /* Frameworks */,
				743B035B1EC45BB300358042 /* Resources */,
			);
			buildRules = (
			);
			dependencies = (
				743B035F1EC45BB300358042 /* PBXTargetDependency */,
			);
			name = FitLiftUITests;
			productName = FitLiftUITests;
			productReference = 743B035D1EC45BB300358042 /* FitLiftUITests.xctest */;
			productType = "com.apple.product-type.bundle.ui-testing";
		};
/* End PBXNativeTarget section */

/* Begin PBXProject section */
		743B03331EC45BB200358042 /* Project object */ = {
			isa = PBXProject;
			attributes = {
				LastSwiftUpdateCheck = 0830;
				LastUpgradeCheck = 0830;
				ORGANIZATIONNAME = "Gerald Morna";
				TargetAttributes = {
					743B033A1EC45BB300358042 = {
						CreatedOnToolsVersion = 8.3.2;
						DevelopmentTeam = DGWMVQ89JR;
						LastSwiftMigration = 0830;
						ProvisioningStyle = Automatic;
					};
					743B03511EC45BB300358042 = {
						CreatedOnToolsVersion = 8.3.2;
						DevelopmentTeam = DGWMVQ89JR;
						ProvisioningStyle = Automatic;
						TestTargetID = 743B033A1EC45BB300358042;
					};
					743B035C1EC45BB300358042 = {
						CreatedOnToolsVersion = 8.3.2;
						DevelopmentTeam = DGWMVQ89JR;
						ProvisioningStyle = Automatic;
						TestTargetID = 743B033A1EC45BB300358042;
					};
				};
			};
			buildConfigurationList = 743B03361EC45BB200358042 /* Build configuration list for PBXProject "FitLift" */;
			compatibilityVersion = "Xcode 3.2";
			developmentRegion = English;
			hasScannedForEncodings = 0;
			knownRegions = (
				en,
				Base,
			);
			mainGroup = 743B03321EC45BB200358042;
			productRefGroup = 743B033C1EC45BB300358042 /* Products */;
			projectDirPath = "";
			projectRoot = "";
			targets = (
				743B033A1EC45BB300358042 /* FitLift */,
				743B03511EC45BB300358042 /* FitLiftTests */,
				743B035C1EC45BB300358042 /* FitLiftUITests */,
			);
		};
/* End PBXProject section */

/* Begin PBXResourcesBuildPhase section */
		743B03391EC45BB300358042 /* Resources */ = {
			isa = PBXResourcesBuildPhase;
			buildActionMask = 2147483647;
			files = (
				743B034C1EC45BB300358042 /* LaunchScreen.storyboard in Resources */,
				743B03B11EC45D8500358042 /* Demo.storyboard in Resources */,
				743B03441EC45BB300358042 /* Main.storyboard in Resources */,
				743B03761EC45D0A00358042 /* DemoCollectionViewCell.xib in Resources */,
				743B03B31EC45DB100358042 /* Assets.xcassets in Resources */,
			);
			runOnlyForDeploymentPostprocessing = 0;
		};
		743B03501EC45BB300358042 /* Resources */ = {
			isa = PBXResourcesBuildPhase;
			buildActionMask = 2147483647;
			files = (
			);
			runOnlyForDeploymentPostprocessing = 0;
		};
		743B035B1EC45BB300358042 /* Resources */ = {
			isa = PBXResourcesBuildPhase;
			buildActionMask = 2147483647;
			files = (
			);
			runOnlyForDeploymentPostprocessing = 0;
		};
/* End PBXResourcesBuildPhase section */

/* Begin PBXSourcesBuildPhase section */
		743B03371EC45BB300358042 /* Sources */ = {
			isa = PBXSourcesBuildPhase;
			buildActionMask = 2147483647;
			files = (
				743B03AB1EC45D4A00358042 /* ConfigurationHelper.swift in Sources */,
				743B03A71EC45D4A00358042 /* PageCollectionLayout.swift in Sources */,
				749E6DE21F0F9557000A6F8A /* LoadingOverlay.swift in Sources */,
				74D0D9601EC9A1CC0016A80F /* BubbleRepCounter.swift in Sources */,
				743B03891EC45D3400358042 /* StoryboardHelper.swift in Sources */,
				743B03871EC45D3400358042 /* Images.swift in Sources */,
				743B03AA1EC45D4A00358042 /* CornerAnimatable.swift in Sources */,
				743B03A51EC45D4A00358042 /* ExpandingTableViewController.swift in Sources */,
				743B038A1EC45D3400358042 /* AnimationBarButton.swift in Sources */,
				743B03A91EC45D4A00358042 /* ExpandingViewController.swift in Sources */,
				74CD38C91ED207CB007A7D93 /* WeightTextField.swift in Sources */,
				749E6DDE1F04E260000A6F8A /* ZAlertView.swift in Sources */,
				743B03411EC45BB300358042 /* StartMenuViewController.swift in Sources */,
				743B03471EC45BB300358042 /* FitLift.xcdatamodeld in Sources */,
				743B037A1EC45D1300358042 /* WorkoutsTableViewController.swift in Sources */,
				749E6DDD1F04E260000A6F8A /* UIImage.swift in Sources */,
				743B03AC1EC45D4A00358042 /* ConstraintsHelper.swift in Sources */,
				743B03881EC45D3400358042 /* CollectionViewHelper.swift in Sources */,
				743B033F1EC45BB300358042 /* AppDelegate.swift in Sources */,
				743B038B1EC45D3400358042 /* Rotatable.swift in Sources */,
				743B03AD1EC45D4A00358042 /* ScreenShotHelper.swift in Sources */,
				743B03A61EC45D4A00358042 /* BasePageCollectionCell.swift in Sources */,
				743B03751EC45D0A00358042 /* DemoCollectionViewCell.swift in Sources */,
				743B03AF1EC45D4A00358042 /* TransitionDriver.swift in Sources */,
				74D0D95E1EC992760016A80F /* WorkoutTableViewCell.swift in Sources */,
				749E6DDC1F04E260000A6F8A /* UIColor.swift in Sources */,
				749E6DE01F0612AE000A6F8A /* DOAlertController.swift in Sources */,
				743B03AE1EC45D4A00358042 /* SubviewsForEach.swift in Sources */,
				74D06D0F1EC7D05D000CEDE1 /* Constants.swift in Sources */,
				743B03771EC45D0A00358042 /* WorkoutsViewController.swift in Sources */,
				743B03A81EC45D4A00358042 /* PageCollectionView.swift in Sources */,
			);
			runOnlyForDeploymentPostprocessing = 0;
		};
		743B034E1EC45BB300358042 /* Sources */ = {
			isa = PBXSourcesBuildPhase;
			buildActionMask = 2147483647;
			files = (
				743B03571EC45BB300358042 /* FitLiftTests.swift in Sources */,
			);
			runOnlyForDeploymentPostprocessing = 0;
		};
		743B03591EC45BB300358042 /* Sources */ = {
			isa = PBXSourcesBuildPhase;
			buildActionMask = 2147483647;
			files = (
				743B03621EC45BB300358042 /* FitLiftUITests.swift in Sources */,
			);
			runOnlyForDeploymentPostprocessing = 0;
		};
/* End PBXSourcesBuildPhase section */

/* Begin PBXTargetDependency section */
		743B03541EC45BB300358042 /* PBXTargetDependency */ = {
			isa = PBXTargetDependency;
			target = 743B033A1EC45BB300358042 /* FitLift */;
			targetProxy = 743B03531EC45BB300358042 /* PBXContainerItemProxy */;
		};
		743B035F1EC45BB300358042 /* PBXTargetDependency */ = {
			isa = PBXTargetDependency;
			target = 743B033A1EC45BB300358042 /* FitLift */;
			targetProxy = 743B035E1EC45BB300358042 /* PBXContainerItemProxy */;
		};
/* End PBXTargetDependency section */

/* Begin PBXVariantGroup section */
		743B03421EC45BB300358042 /* Main.storyboard */ = {
			isa = PBXVariantGroup;
			children = (
				743B03431EC45BB300358042 /* Base */,
			);
			name = Main.storyboard;
			sourceTree = "<group>";
		};
		743B034A1EC45BB300358042 /* LaunchScreen.storyboard */ = {
			isa = PBXVariantGroup;
			children = (
				743B034B1EC45BB300358042 /* Base */,
			);
			name = LaunchScreen.storyboard;
			sourceTree = "<group>";
		};
/* End PBXVariantGroup section */

/* Begin XCBuildConfiguration section */
		743B03641EC45BB300358042 /* Debug */ = {
			isa = XCBuildConfiguration;
			buildSettings = {
				ALWAYS_SEARCH_USER_PATHS = NO;
				CLANG_ANALYZER_NONNULL = YES;
				CLANG_ANALYZER_NUMBER_OBJECT_CONVERSION = YES_AGGRESSIVE;
				CLANG_CXX_LANGUAGE_STANDARD = "gnu++0x";
				CLANG_CXX_LIBRARY = "libc++";
				CLANG_ENABLE_MODULES = YES;
				CLANG_ENABLE_OBJC_ARC = YES;
				CLANG_WARN_BOOL_CONVERSION = YES;
				CLANG_WARN_CONSTANT_CONVERSION = YES;
				CLANG_WARN_DIRECT_OBJC_ISA_USAGE = YES_ERROR;
				CLANG_WARN_DOCUMENTATION_COMMENTS = YES;
				CLANG_WARN_EMPTY_BODY = YES;
				CLANG_WARN_ENUM_CONVERSION = YES;
				CLANG_WARN_INFINITE_RECURSION = YES;
				CLANG_WARN_INT_CONVERSION = YES;
				CLANG_WARN_OBJC_ROOT_CLASS = YES_ERROR;
				CLANG_WARN_SUSPICIOUS_MOVE = YES;
				CLANG_WARN_UNREACHABLE_CODE = YES;
				CLANG_WARN__DUPLICATE_METHOD_MATCH = YES;
				"CODE_SIGN_IDENTITY[sdk=iphoneos*]" = "iPhone Developer";
				COPY_PHASE_STRIP = NO;
				DEBUG_INFORMATION_FORMAT = dwarf;
				ENABLE_STRICT_OBJC_MSGSEND = YES;
				ENABLE_TESTABILITY = YES;
				GCC_C_LANGUAGE_STANDARD = gnu99;
				GCC_DYNAMIC_NO_PIC = NO;
				GCC_NO_COMMON_BLOCKS = YES;
				GCC_OPTIMIZATION_LEVEL = 0;
				GCC_PREPROCESSOR_DEFINITIONS = (
					"DEBUG=1",
					"$(inherited)",
				);
				GCC_WARN_64_TO_32_BIT_CONVERSION = YES;
				GCC_WARN_ABOUT_RETURN_TYPE = YES_ERROR;
				GCC_WARN_UNDECLARED_SELECTOR = YES;
				GCC_WARN_UNINITIALIZED_AUTOS = YES_AGGRESSIVE;
				GCC_WARN_UNUSED_FUNCTION = YES;
				GCC_WARN_UNUSED_VARIABLE = YES;
				IPHONEOS_DEPLOYMENT_TARGET = 10.3;
				MTL_ENABLE_DEBUG_INFO = YES;
				ONLY_ACTIVE_ARCH = YES;
				SDKROOT = iphoneos;
				SWIFT_ACTIVE_COMPILATION_CONDITIONS = DEBUG;
				SWIFT_OPTIMIZATION_LEVEL = "-Onone";
			};
			name = Debug;
		};
		743B03651EC45BB300358042 /* Release */ = {
			isa = XCBuildConfiguration;
			buildSettings = {
				ALWAYS_SEARCH_USER_PATHS = NO;
				CLANG_ANALYZER_NONNULL = YES;
				CLANG_ANALYZER_NUMBER_OBJECT_CONVERSION = YES_AGGRESSIVE;
				CLANG_CXX_LANGUAGE_STANDARD = "gnu++0x";
				CLANG_CXX_LIBRARY = "libc++";
				CLANG_ENABLE_MODULES = YES;
				CLANG_ENABLE_OBJC_ARC = YES;
				CLANG_WARN_BOOL_CONVERSION = YES;
				CLANG_WARN_CONSTANT_CONVERSION = YES;
				CLANG_WARN_DIRECT_OBJC_ISA_USAGE = YES_ERROR;
				CLANG_WARN_DOCUMENTATION_COMMENTS = YES;
				CLANG_WARN_EMPTY_BODY = YES;
				CLANG_WARN_ENUM_CONVERSION = YES;
				CLANG_WARN_INFINITE_RECURSION = YES;
				CLANG_WARN_INT_CONVERSION = YES;
				CLANG_WARN_OBJC_ROOT_CLASS = YES_ERROR;
				CLANG_WARN_SUSPICIOUS_MOVE = YES;
				CLANG_WARN_UNREACHABLE_CODE = YES;
				CLANG_WARN__DUPLICATE_METHOD_MATCH = YES;
				"CODE_SIGN_IDENTITY[sdk=iphoneos*]" = "iPhone Developer";
				COPY_PHASE_STRIP = NO;
				DEBUG_INFORMATION_FORMAT = "dwarf-with-dsym";
				ENABLE_NS_ASSERTIONS = NO;
				ENABLE_STRICT_OBJC_MSGSEND = YES;
				GCC_C_LANGUAGE_STANDARD = gnu99;
				GCC_NO_COMMON_BLOCKS = YES;
				GCC_WARN_64_TO_32_BIT_CONVERSION = YES;
				GCC_WARN_ABOUT_RETURN_TYPE = YES_ERROR;
				GCC_WARN_UNDECLARED_SELECTOR = YES;
				GCC_WARN_UNINITIALIZED_AUTOS = YES_AGGRESSIVE;
				GCC_WARN_UNUSED_FUNCTION = YES;
				GCC_WARN_UNUSED_VARIABLE = YES;
				IPHONEOS_DEPLOYMENT_TARGET = 10.3;
				MTL_ENABLE_DEBUG_INFO = NO;
				SDKROOT = iphoneos;
				SWIFT_OPTIMIZATION_LEVEL = "-Owholemodule";
				VALIDATE_PRODUCT = YES;
			};
			name = Release;
		};
		743B03671EC45BB300358042 /* Debug */ = {
			isa = XCBuildConfiguration;
			buildSettings = {
				ASSETCATALOG_COMPILER_APPICON_NAME = AppIcon;
				CLANG_ENABLE_MODULES = YES;
				DEVELOPMENT_TEAM = DGWMVQ89JR;
				INFOPLIST_FILE = FitLift/Info.plist;
				IPHONEOS_DEPLOYMENT_TARGET = 9.0;
				LD_RUNPATH_SEARCH_PATHS = "$(inherited) @executable_path/Frameworks";
				PRODUCT_BUNDLE_IDENTIFIER = com.gerald.FitLift;
				PRODUCT_NAME = "$(TARGET_NAME)";
				SWIFT_OPTIMIZATION_LEVEL = "-Onone";
				SWIFT_VERSION = 3.0;
			};
			name = Debug;
		};
		743B03681EC45BB300358042 /* Release */ = {
			isa = XCBuildConfiguration;
			buildSettings = {
				ASSETCATALOG_COMPILER_APPICON_NAME = AppIcon;
				CLANG_ENABLE_MODULES = YES;
				DEVELOPMENT_TEAM = DGWMVQ89JR;
				INFOPLIST_FILE = FitLift/Info.plist;
				IPHONEOS_DEPLOYMENT_TARGET = 9.0;
				LD_RUNPATH_SEARCH_PATHS = "$(inherited) @executable_path/Frameworks";
				PRODUCT_BUNDLE_IDENTIFIER = com.gerald.FitLift;
				PRODUCT_NAME = "$(TARGET_NAME)";
				SWIFT_VERSION = 3.0;
			};
			name = Release;
		};
		743B036A1EC45BB300358042 /* Debug */ = {
			isa = XCBuildConfiguration;
			buildSettings = {
				ALWAYS_EMBED_SWIFT_STANDARD_LIBRARIES = YES;
				BUNDLE_LOADER = "$(TEST_HOST)";
				DEVELOPMENT_TEAM = DGWMVQ89JR;
				INFOPLIST_FILE = FitLiftTests/Info.plist;
				LD_RUNPATH_SEARCH_PATHS = "$(inherited) @executable_path/Frameworks @loader_path/Frameworks";
				PRODUCT_BUNDLE_IDENTIFIER = com.gerald.FitLiftTests;
				PRODUCT_NAME = "$(TARGET_NAME)";
				SWIFT_VERSION = 3.0;
				TEST_HOST = "$(BUILT_PRODUCTS_DIR)/FitLift.app/FitLift";
			};
			name = Debug;
		};
		743B036B1EC45BB300358042 /* Release */ = {
			isa = XCBuildConfiguration;
			buildSettings = {
				ALWAYS_EMBED_SWIFT_STANDARD_LIBRARIES = YES;
				BUNDLE_LOADER = "$(TEST_HOST)";
				DEVELOPMENT_TEAM = DGWMVQ89JR;
				INFOPLIST_FILE = FitLiftTests/Info.plist;
				LD_RUNPATH_SEARCH_PATHS = "$(inherited) @executable_path/Frameworks @loader_path/Frameworks";
				PRODUCT_BUNDLE_IDENTIFIER = com.gerald.FitLiftTests;
				PRODUCT_NAME = "$(TARGET_NAME)";
				SWIFT_VERSION = 3.0;
				TEST_HOST = "$(BUILT_PRODUCTS_DIR)/FitLift.app/FitLift";
			};
			name = Release;
		};
		743B036D1EC45BB300358042 /* Debug */ = {
			isa = XCBuildConfiguration;
			buildSettings = {
				ALWAYS_EMBED_SWIFT_STANDARD_LIBRARIES = YES;
				DEVELOPMENT_TEAM = DGWMVQ89JR;
				INFOPLIST_FILE = FitLiftUITests/Info.plist;
				LD_RUNPATH_SEARCH_PATHS = "$(inherited) @executable_path/Frameworks @loader_path/Frameworks";
				PRODUCT_BUNDLE_IDENTIFIER = com.gerald.FitLiftUITests;
				PRODUCT_NAME = "$(TARGET_NAME)";
				SWIFT_VERSION = 3.0;
				TEST_TARGET_NAME = FitLift;
			};
			name = Debug;
		};
		743B036E1EC45BB300358042 /* Release */ = {
			isa = XCBuildConfiguration;
			buildSettings = {
				ALWAYS_EMBED_SWIFT_STANDARD_LIBRARIES = YES;
				DEVELOPMENT_TEAM = DGWMVQ89JR;
				INFOPLIST_FILE = FitLiftUITests/Info.plist;
				LD_RUNPATH_SEARCH_PATHS = "$(inherited) @executable_path/Frameworks @loader_path/Frameworks";
				PRODUCT_BUNDLE_IDENTIFIER = com.gerald.FitLiftUITests;
				PRODUCT_NAME = "$(TARGET_NAME)";
				SWIFT_VERSION = 3.0;
				TEST_TARGET_NAME = FitLift;
			};
			name = Release;
		};
/* End XCBuildConfiguration section */

/* Begin XCConfigurationList section */
		743B03361EC45BB200358042 /* Build configuration list for PBXProject "FitLift" */ = {
			isa = XCConfigurationList;
			buildConfigurations = (
				743B03641EC45BB300358042 /* Debug */,
				743B03651EC45BB300358042 /* Release */,
			);
			defaultConfigurationIsVisible = 0;
			defaultConfigurationName = Release;
		};
		743B03661EC45BB300358042 /* Build configuration list for PBXNativeTarget "FitLift" */ = {
			isa = XCConfigurationList;
			buildConfigurations = (
				743B03671EC45BB300358042 /* Debug */,
				743B03681EC45BB300358042 /* Release */,
			);
			defaultConfigurationIsVisible = 0;
			defaultConfigurationName = Release;
		};
		743B03691EC45BB300358042 /* Build configuration list for PBXNativeTarget "FitLiftTests" */ = {
			isa = XCConfigurationList;
			buildConfigurations = (
				743B036A1EC45BB300358042 /* Debug */,
				743B036B1EC45BB300358042 /* Release */,
			);
			defaultConfigurationIsVisible = 0;
			defaultConfigurationName = Release;
		};
		743B036C1EC45BB300358042 /* Build configuration list for PBXNativeTarget "FitLiftUITests" */ = {
			isa = XCConfigurationList;
			buildConfigurations = (
				743B036D1EC45BB300358042 /* Debug */,
				743B036E1EC45BB300358042 /* Release */,
			);
			defaultConfigurationIsVisible = 0;
			defaultConfigurationName = Release;
		};
/* End XCConfigurationList section */

/* Begin XCVersionGroup section */
		743B03451EC45BB300358042 /* FitLift.xcdatamodeld */ = {
			isa = XCVersionGroup;
			children = (
				743B03461EC45BB300358042 /* FitLift.xcdatamodel */,
			);
			currentVersion = 743B03461EC45BB300358042 /* FitLift.xcdatamodel */;
			path = FitLift.xcdatamodeld;
			sourceTree = "<group>";
			versionGroupType = wrapper.xcdatamodel;
		};
/* End XCVersionGroup section */
	};
	rootObject = 743B03331EC45BB200358042 /* Project object */;
}
